
Microsoft Visual Studio Solution File, Format Version 12.00
# Visual Studio 15
Project("{FAE04EC0-301F-11D3-BF4B-00C04F79EFBC}") = "Assembly-CSharp", "Assembly-CSharp.csproj", "{BED60B3C-CD9F-8083-60CB-E7D7875950BC}"
EndProject
Global
	GlobalSection(SolutionConfigurationPlatforms) = preSolution
		Debug|Any CPU = Debug|Any CPU
		Release|Any CPU = Release|Any CPU
	EndGlobalSection
	GlobalSection(ProjectConfigurationPlatforms) = postSolution
		{BED60B3C-CD9F-8083-60CB-E7D7875950BC}.Debug|Any CPU.ActiveCfg = Debug|Any CPU
		{BED60B3C-CD9F-8083-60CB-E7D7875950BC}.Debug|Any CPU.Build.0 = Debug|Any CPU
		{BED60B3C-CD9F-8083-60CB-E7D7875950BC}.Release|Any CPU.ActiveCfg = Release|Any CPU
		{BED60B3C-CD9F-8083-60CB-E7D7875950BC}.Release|Any CPU.Build.0 = Release|Any CPU
	EndGlobalSection
	GlobalSection(SolutionProperties) = preSolution
		HideSolutionNode = FALSE
	EndGlobalSection
EndGlobal
